
Microsoft Visual Studio Solution File, Format Version 12.00
# Visual Studio Version 16
VisualStudioVersion = 16.0.31515.178
MinimumVisualStudioVersion = 10.0.40219.1
Project("{FAE04EC0-301F-11D3-BF4B-00C04F79EFBC}") = "BlobDemo", "BlobDemo\BlobDemo.csproj", "{587ACCBF-EDA0-474E-9F52-14680E9BB070}"
EndProject
Global
	GlobalSection(SolutionConfigurationPlatforms) = preSolution
		Debug|Any CPU = Debug|Any CPU
		Release|Any CPU = Release|Any CPU
	EndGlobalSection
	GlobalSection(ProjectConfigurationPlatforms) = postSolution
		{587ACCBF-EDA0-474E-9F52-14680E9BB070}.Debug|Any CPU.ActiveCfg = Debug|Any CPU
		{587ACCBF-EDA0-474E-9F52-14680E9BB070}.Debug|Any CPU.Build.0 = Debug|Any CPU
		{587ACCBF-EDA0-474E-9F52-14680E9BB070}.Release|Any CPU.ActiveCfg = Release|Any CPU
		{587ACCBF-EDA0-474E-9F52-14680E9BB070}.Release|Any CPU.Build.0 = Release|Any CPU
	EndGlobalSection
	GlobalSection(SolutionProperties) = preSolution
		HideSolutionNode = FALSE
	EndGlobalSection
	GlobalSection(ExtensibilityGlobals) = postSolution
		SolutionGuid = {369E5E19-75D6-4309-A8C0-98B157B4930C}
	EndGlobalSection
EndGlobal
